# THIS IS AN AUTOGENERATED FILE. DO NOT EDIT THIS FILE DIRECTLY.
# yarn lockfile v1


bootstrap-sass@^3.3.7:
  version "3.3.7"
  resolved "https://registry.yarnpkg.com/bootstrap-sass/-/bootstrap-sass-3.3.7.tgz#6596c7ab40f6637393323ab0bc80d064fc630498"

html5shiv@^3.7.3:
  version "3.7.3"
  resolved "https://registry.yarnpkg.com/html5shiv/-/html5shiv-3.7.3.tgz#d78a84a367bcb9a710100d57802c387b084631d2"

isotope@^1.0.0-alpha.3:
  version "1.0.0-alpha.3"
  resolved "https://registry.yarnpkg.com/isotope/-/isotope-1.0.0-alpha.3.tgz#6668aaf264e78c20cd02463eb5bd6794546bc4ac"

jquery@^3.2.1:
  version "3.2.1"
  resolved "https://registry.yarnpkg.com/jquery/-/jquery-3.2.1.tgz#5c4d9de652af6cd0a770154a631bba12b015c787"

respond@^0.9.0:
  version "0.9.0"
  resolved "https://registry.yarnpkg.com/respond/-/respond-0.9.0.tgz#fd8c298efe03b3bb7f4fc4cb58ddd7f34b51cd68"
